
Microsoft Visual Studio Solution File, Format Version 12.00
# Visual Studio Version 17
VisualStudioVersion = 17.8.34511.84
MinimumVisualStudioVersion = 10.0.40219.1
Project("{FAE04EC0-301F-11D3-BF4B-00C04F79EFBC}") = "DAL", "DAL\DAL.csproj", "{CBEA99E4-3650-4F19-845B-375F62660C3F}"
EndProject
Project("{FAE04EC0-301F-11D3-BF4B-00C04F79EFBC}") = "DTO", "DTO\DTO.csproj", "{75D6490F-9B64-41AB-ABE6-419D22DA7A17}"
EndProject
Project("{FAE04EC0-301F-11D3-BF4B-00C04F79EFBC}") = "BusinessLogic", "BusinessLogic\BusinessLogic.csproj", "{A0105BC7-6D80-483A-8852-E966CF712A5C}"
EndProject
Project("{FAE04EC0-301F-11D3-BF4B-00C04F79EFBC}") = "WPF", "WPF\WPF.csproj", "{0D977A41-4E76-4F43-BB05-78C3FF74B4B1}"
EndProject
Project("{FAE04EC0-301F-11D3-BF4B-00C04F79EFBC}") = "appAPI", "appAPI\appAPI.csproj", "{EBEB8C84-C86A-4039-973B-4EDAFFD3B703}"
EndProject
Global
	GlobalSection(SolutionConfigurationPlatforms) = preSolution
		Debug|Any CPU = Debug|Any CPU
		Release|Any CPU = Release|Any CPU
	EndGlobalSection
	GlobalSection(ProjectConfigurationPlatforms) = postSolution
		{CBEA99E4-3650-4F19-845B-375F62660C3F}.Debug|Any CPU.ActiveCfg = Debug|Any CPU
		{CBEA99E4-3650-4F19-845B-375F62660C3F}.Debug|Any CPU.Build.0 = Debug|Any CPU
		{CBEA99E4-3650-4F19-845B-375F62660C3F}.Release|Any CPU.ActiveCfg = Release|Any CPU
		{CBEA99E4-3650-4F19-845B-375F62660C3F}.Release|Any CPU.Build.0 = Release|Any CPU
		{75D6490F-9B64-41AB-ABE6-419D22DA7A17}.Debug|Any CPU.ActiveCfg = Debug|Any CPU
		{75D6490F-9B64-41AB-ABE6-419D22DA7A17}.Debug|Any CPU.Build.0 = Debug|Any CPU
		{75D6490F-9B64-41AB-ABE6-419D22DA7A17}.Release|Any CPU.ActiveCfg = Release|Any CPU
		{75D6490F-9B64-41AB-ABE6-419D22DA7A17}.Release|Any CPU.Build.0 = Release|Any CPU
		{A0105BC7-6D80-483A-8852-E966CF712A5C}.Debug|Any CPU.ActiveCfg = Debug|Any CPU
		{A0105BC7-6D80-483A-8852-E966CF712A5C}.Debug|Any CPU.Build.0 = Debug|Any CPU
		{A0105BC7-6D80-483A-8852-E966CF712A5C}.Release|Any CPU.ActiveCfg = Release|Any CPU
		{A0105BC7-6D80-483A-8852-E966CF712A5C}.Release|Any CPU.Build.0 = Release|Any CPU
		{0D977A41-4E76-4F43-BB05-78C3FF74B4B1}.Debug|Any CPU.ActiveCfg = Debug|Any CPU
		{0D977A41-4E76-4F43-BB05-78C3FF74B4B1}.Debug|Any CPU.Build.0 = Debug|Any CPU
		{0D977A41-4E76-4F43-BB05-78C3FF74B4B1}.Release|Any CPU.ActiveCfg = Release|Any CPU
		{0D977A41-4E76-4F43-BB05-78C3FF74B4B1}.Release|Any CPU.Build.0 = Release|Any CPU
		{EBEB8C84-C86A-4039-973B-4EDAFFD3B703}.Debug|Any CPU.ActiveCfg = Debug|Any CPU
		{EBEB8C84-C86A-4039-973B-4EDAFFD3B703}.Debug|Any CPU.Build.0 = Debug|Any CPU
		{EBEB8C84-C86A-4039-973B-4EDAFFD3B703}.Release|Any CPU.ActiveCfg = Release|Any CPU
		{EBEB8C84-C86A-4039-973B-4EDAFFD3B703}.Release|Any CPU.Build.0 = Release|Any CPU
	EndGlobalSection
	GlobalSection(SolutionProperties) = preSolution
		HideSolutionNode = FALSE
	EndGlobalSection
	GlobalSection(ExtensibilityGlobals) = postSolution
		SolutionGuid = {682E05BD-6A52-4EDA-91FA-E93B92BCF083}
	EndGlobalSection
EndGlobal
